{
  "requires": true,
  "lockfileVersion": 1,
  "dependencies": {
    "serverless-plugin-existing-s3": {
      "version": "2.0.3",
      "resolved": "https://registry.npmjs.org/serverless-plugin-existing-s3/-/serverless-plugin-existing-s3-2.0.3.tgz",
      "integrity": "sha512-cTxZp/Ld7uICQH4+lTB/bwsRg7AlPYlNYaW3Wg2q9xiUXicAy4fnZN7/sjjZd6UIrvZsMoWOL8Cc3KkpJ9oZng=="
    }
  }
}
